
Microsoft Visual Studio Solution File, Format Version 12.00
Project("{FAE04EC0-301F-11D3-BF4B-00C04F79EFBC}") = "Reactor.LegacyAttributePatcher", "Reactor.LegacyAttributePatcher\Reactor.LegacyAttributePatcher.csproj", "{F6DC45AD-79EE-4EA9-8D3D-B592CCC4C357}"
EndProject
Global
	GlobalSection(SolutionConfigurationPlatforms) = preSolution
		Debug|Any CPU = Debug|Any CPU
		Release|Any CPU = Release|Any CPU
	EndGlobalSection
	GlobalSection(ProjectConfigurationPlatforms) = postSolution
		{F6DC45AD-79EE-4EA9-8D3D-B592CCC4C357}.Debug|Any CPU.ActiveCfg = Debug|Any CPU
		{F6DC45AD-79EE-4EA9-8D3D-B592CCC4C357}.Debug|Any CPU.Build.0 = Debug|Any CPU
		{F6DC45AD-79EE-4EA9-8D3D-B592CCC4C357}.Release|Any CPU.ActiveCfg = Release|Any CPU
		{F6DC45AD-79EE-4EA9-8D3D-B592CCC4C357}.Release|Any CPU.Build.0 = Release|Any CPU
	EndGlobalSection
EndGlobal
